
Microsoft Visual Studio Solution File, Format Version 12.00
# Visual Studio 15
VisualStudioVersion = 15.0.28307.645
MinimumVisualStudioVersion = 10.0.40219.1
Project("{FAE04EC0-301F-11D3-BF4B-00C04F79EFBC}") = "TSB100AzureApp1", "TSB100AzureApp1\TSB100AzureApp1.csproj", "{85324069-3B8F-43DD-9DC3-0FA75A5FD6DA}"
EndProject
Project("{FAE04EC0-301F-11D3-BF4B-00C04F79EFBC}") = "TSB100AzureApp1Tests", "TSB100AzureApp1Tests\TSB100AzureApp1Tests.csproj", "{9DBC2B7D-C5F7-4414-B2F4-EC69F41BA29E}"
EndProject
Global
	GlobalSection(SolutionConfigurationPlatforms) = preSolution
		Debug|Any CPU = Debug|Any CPU
		Release|Any CPU = Release|Any CPU
	EndGlobalSection
	GlobalSection(ProjectConfigurationPlatforms) = postSolution
		{85324069-3B8F-43DD-9DC3-0FA75A5FD6DA}.Debug|Any CPU.ActiveCfg = Debug|Any CPU
		{85324069-3B8F-43DD-9DC3-0FA75A5FD6DA}.Debug|Any CPU.Build.0 = Debug|Any CPU
		{85324069-3B8F-43DD-9DC3-0FA75A5FD6DA}.Release|Any CPU.ActiveCfg = Release|Any CPU
		{85324069-3B8F-43DD-9DC3-0FA75A5FD6DA}.Release|Any CPU.Build.0 = Release|Any CPU
		{9DBC2B7D-C5F7-4414-B2F4-EC69F41BA29E}.Debug|Any CPU.ActiveCfg = Debug|Any CPU
		{9DBC2B7D-C5F7-4414-B2F4-EC69F41BA29E}.Debug|Any CPU.Build.0 = Debug|Any CPU
		{9DBC2B7D-C5F7-4414-B2F4-EC69F41BA29E}.Release|Any CPU.ActiveCfg = Release|Any CPU
		{9DBC2B7D-C5F7-4414-B2F4-EC69F41BA29E}.Release|Any CPU.Build.0 = Release|Any CPU
	EndGlobalSection
	GlobalSection(SolutionProperties) = preSolution
		HideSolutionNode = FALSE
	EndGlobalSection
	GlobalSection(ExtensibilityGlobals) = postSolution
		SolutionGuid = {7BC9C260-E55B-4F9A-A3D0-83FD750FC981}
	EndGlobalSection
EndGlobal
